
Microsoft Visual Studio Solution File, Format Version 12.00
# Visual Studio Version 17
VisualStudioVersion = 17.5.33516.290
MinimumVisualStudioVersion = 10.0.40219.1
Project("{9A19103F-16F7-4668-BE54-9A1E7A4F7556}") = "WebAPI", "WebAPI\WebAPI.csproj", "{FD6E16F4-EDA3-4D62-B24E-BB1A1C4CBFFB}"
EndProject
Project("{9A19103F-16F7-4668-BE54-9A1E7A4F7556}") = "Domain", "Domain\Domain.csproj", "{1C993AD7-302D-4B79-8959-C0086544A59D}"
EndProject
Project("{9A19103F-16F7-4668-BE54-9A1E7A4F7556}") = "ApplicationCore", "ApplicationCore\ApplicationCore.csproj", "{0802C826-E106-4C78-BD97-2FDECC21D519}"
EndProject
Project("{9A19103F-16F7-4668-BE54-9A1E7A4F7556}") = "Infrastructure", "Infrastructure\Infrastructure.csproj", "{15468154-7903-454C-811E-F5A90FF3B54D}"
EndProject
Global
	GlobalSection(SolutionConfigurationPlatforms) = preSolution
		Debug|Any CPU = Debug|Any CPU
		Release|Any CPU = Release|Any CPU
	EndGlobalSection
	GlobalSection(ProjectConfigurationPlatforms) = postSolution
		{FD6E16F4-EDA3-4D62-B24E-BB1A1C4CBFFB}.Debug|Any CPU.ActiveCfg = Debug|Any CPU
		{FD6E16F4-EDA3-4D62-B24E-BB1A1C4CBFFB}.Debug|Any CPU.Build.0 = Debug|Any CPU
		{FD6E16F4-EDA3-4D62-B24E-BB1A1C4CBFFB}.Release|Any CPU.ActiveCfg = Release|Any CPU
		{FD6E16F4-EDA3-4D62-B24E-BB1A1C4CBFFB}.Release|Any CPU.Build.0 = Release|Any CPU
		{1C993AD7-302D-4B79-8959-C0086544A59D}.Debug|Any CPU.ActiveCfg = Debug|Any CPU
		{1C993AD7-302D-4B79-8959-C0086544A59D}.Debug|Any CPU.Build.0 = Debug|Any CPU
		{1C993AD7-302D-4B79-8959-C0086544A59D}.Release|Any CPU.ActiveCfg = Release|Any CPU
		{1C993AD7-302D-4B79-8959-C0086544A59D}.Release|Any CPU.Build.0 = Release|Any CPU
		{0802C826-E106-4C78-BD97-2FDECC21D519}.Debug|Any CPU.ActiveCfg = Debug|Any CPU
		{0802C826-E106-4C78-BD97-2FDECC21D519}.Debug|Any CPU.Build.0 = Debug|Any CPU
		{0802C826-E106-4C78-BD97-2FDECC21D519}.Release|Any CPU.ActiveCfg = Release|Any CPU
		{0802C826-E106-4C78-BD97-2FDECC21D519}.Release|Any CPU.Build.0 = Release|Any CPU
		{15468154-7903-454C-811E-F5A90FF3B54D}.Debug|Any CPU.ActiveCfg = Debug|Any CPU
		{15468154-7903-454C-811E-F5A90FF3B54D}.Debug|Any CPU.Build.0 = Debug|Any CPU
		{15468154-7903-454C-811E-F5A90FF3B54D}.Release|Any CPU.ActiveCfg = Release|Any CPU
		{15468154-7903-454C-811E-F5A90FF3B54D}.Release|Any CPU.Build.0 = Release|Any CPU
	EndGlobalSection
	GlobalSection(SolutionProperties) = preSolution
		HideSolutionNode = FALSE
	EndGlobalSection
	GlobalSection(ExtensibilityGlobals) = postSolution
		SolutionGuid = {059E39DC-EB44-41C4-BC41-A1E2CCA29044}
	EndGlobalSection
EndGlobal
